
Microsoft Visual Studio Solution File, Format Version 12.00
# Visual Studio 15
VisualStudioVersion = 15.0.28307.329
MinimumVisualStudioVersion = 10.0.40219.1
Project("{FAE04EC0-301F-11D3-BF4B-00C04F79EFBC}") = "BillingApi", "BillingApi\BillingApi.csproj", "{9D963F3B-6C36-419D-B8CB-5E3F30EC9C75}"
EndProject
Project("{FAE04EC0-301F-11D3-BF4B-00C04F79EFBC}") = "BillingLayer", "BillingLayer\BillingLayer.csproj", "{124F07B2-2D1A-47A2-BB46-58C9CCE7CA21}"
EndProject
Project("{FAE04EC0-301F-11D3-BF4B-00C04F79EFBC}") = "BillingClasses", "BillingClasses\BillingClasses.csproj", "{15AEA93A-5C82-4D10-96E1-45E15046DD7E}"
EndProject
Global
	GlobalSection(SolutionConfigurationPlatforms) = preSolution
		Debug|Any CPU = Debug|Any CPU
		Release|Any CPU = Release|Any CPU
	EndGlobalSection
	GlobalSection(ProjectConfigurationPlatforms) = postSolution
		{9D963F3B-6C36-419D-B8CB-5E3F30EC9C75}.Debug|Any CPU.ActiveCfg = Debug|Any CPU
		{9D963F3B-6C36-419D-B8CB-5E3F30EC9C75}.Debug|Any CPU.Build.0 = Debug|Any CPU
		{9D963F3B-6C36-419D-B8CB-5E3F30EC9C75}.Release|Any CPU.ActiveCfg = Release|Any CPU
		{9D963F3B-6C36-419D-B8CB-5E3F30EC9C75}.Release|Any CPU.Build.0 = Release|Any CPU
		{124F07B2-2D1A-47A2-BB46-58C9CCE7CA21}.Debug|Any CPU.ActiveCfg = Debug|Any CPU
		{124F07B2-2D1A-47A2-BB46-58C9CCE7CA21}.Debug|Any CPU.Build.0 = Debug|Any CPU
		{124F07B2-2D1A-47A2-BB46-58C9CCE7CA21}.Release|Any CPU.ActiveCfg = Release|Any CPU
		{124F07B2-2D1A-47A2-BB46-58C9CCE7CA21}.Release|Any CPU.Build.0 = Release|Any CPU
		{15AEA93A-5C82-4D10-96E1-45E15046DD7E}.Debug|Any CPU.ActiveCfg = Debug|Any CPU
		{15AEA93A-5C82-4D10-96E1-45E15046DD7E}.Debug|Any CPU.Build.0 = Debug|Any CPU
		{15AEA93A-5C82-4D10-96E1-45E15046DD7E}.Release|Any CPU.ActiveCfg = Release|Any CPU
		{15AEA93A-5C82-4D10-96E1-45E15046DD7E}.Release|Any CPU.Build.0 = Release|Any CPU
	EndGlobalSection
	GlobalSection(SolutionProperties) = preSolution
		HideSolutionNode = FALSE
	EndGlobalSection
	GlobalSection(ExtensibilityGlobals) = postSolution
		SolutionGuid = {17FF69B3-5CC1-4E48-8B00-6C926C729154}
	EndGlobalSection
EndGlobal
